
Microsoft Visual Studio Solution File, Format Version 12.00
# Visual Studio Express 15 for Windows Desktop
VisualStudioVersion = 15.0.28307.1433
MinimumVisualStudioVersion = 10.0.40219.1
Project("{F184B08F-C81C-45F6-A57F-5ABD9991F28F}") = "LabPeriodo2Kevin", "LabPeriodo2Kevin\LabPeriodo2Kevin.vbproj", "{4717DB88-9C49-4693-8410-49D9D4A2D5E8}"
EndProject
Global
	GlobalSection(SolutionConfigurationPlatforms) = preSolution
		Debug|Any CPU = Debug|Any CPU
		Release|Any CPU = Release|Any CPU
	EndGlobalSection
	GlobalSection(ProjectConfigurationPlatforms) = postSolution
		{4717DB88-9C49-4693-8410-49D9D4A2D5E8}.Debug|Any CPU.ActiveCfg = Debug|Any CPU
		{4717DB88-9C49-4693-8410-49D9D4A2D5E8}.Debug|Any CPU.Build.0 = Debug|Any CPU
		{4717DB88-9C49-4693-8410-49D9D4A2D5E8}.Release|Any CPU.ActiveCfg = Release|Any CPU
		{4717DB88-9C49-4693-8410-49D9D4A2D5E8}.Release|Any CPU.Build.0 = Release|Any CPU
	EndGlobalSection
	GlobalSection(SolutionProperties) = preSolution
		HideSolutionNode = FALSE
	EndGlobalSection
	GlobalSection(ExtensibilityGlobals) = postSolution
		SolutionGuid = {4557D8EB-8382-4D7E-BB1D-1C1921C331D4}
	EndGlobalSection
EndGlobal
